{
  "nodes": {
    "jail-nix": {
      "locked": {
        "lastModified": 1770418571,
        "narHash": "sha256-EzQUbe1gwW/xpJoMuMeblWcjAEF+F92cz/enz0Mz/qo=",
        "owner": "~alexdavid",
        "repo": "jail.nix",
        "rev": "c141cf8cc68617625b4a28a7d8ce0a35904815d5",
        "type": "sourcehut"
      },
      "original": {
        "owner": "~alexdavid",
        "repo": "jail.nix",
        "type": "sourcehut"
      }
    },
    "nixpkgs": {
      "locked": {
        "lastModified": 1771208521,
        "narHash": "sha256-X01Q3DgSpjeBpapoGA4rzKOn25qdKxbPnxHeMLNoHTU=",
        "owner": "NixOS",
        "repo": "nixpkgs",
        "rev": "fa56d7d6de78f5a7f997b0ea2bc6efd5868ad9e8",
        "type": "github"
      },
      "original": {
        "owner": "NixOS",
        "ref": "nixos-25.11",
        "repo": "nixpkgs",
        "type": "github"
      }
    },
    "root": {
      "inputs": {
        "jail-nix": "jail-nix",
        "nixpkgs": "nixpkgs"
      }
    }
  },
  "root": "root",
  "version": 7
}
